// !$*UTF8*$!
{
	archiveVersion = 1;
	classes = {
	};
	objectVersion = 55;
	objects = {

/* Begin PBXBuildFile section */
		35868E922888362400ED08DA /* AppDelegate.swift in Sources */ = {isa = PBXBuildFile; fileRef = 35868E912888362400ED08DA /* AppDelegate.swift */; };
		35868E942888362400ED08DA /* SceneDelegate.swift in Sources */ = {isa = PBXBuildFile; fileRef = 35868E932888362400ED08DA /* SceneDelegate.swift */; };
		35868E962888362400ED08DA /* ViewController.swift in Sources */ = {isa = PBXBuildFile; fileRef = 35868E952888362400ED08DA /* ViewController.swift */; };
		35868E992888362400ED08DA /* Main.storyboard in Resources */ = {isa = PBXBuildFile; fileRef = 35868E972888362400ED08DA /* Main.storyboard */; };
		35868E9B2888362500ED08DA /* Assets.xcassets in Resources */ = {isa = PBXBuildFile; fileRef = 35868E9A2888362500ED08DA /* Assets.xcassets */; };
		35868E9E2888362500ED08DA /* LaunchScreen.storyboard in Resources */ = {isa = PBXBuildFile; fileRef = 35868E9C2888362500ED08DA /* LaunchScreen.storyboard */; };
		35868EA92888362500ED08DA /* PayPay_DemoTests.swift in Sources */ = {isa = PBXBuildFile; fileRef = 35868EA82888362500ED08DA /* PayPay_DemoTests.swift */; };
		35868EB32888362500ED08DA /* PayPay_DemoUITests.swift in Sources */ = {isa = PBXBuildFile; fileRef = 35868EB22888362500ED08DA /* PayPay_DemoUITests.swift */; };
		35868EB52888362600ED08DA /* PayPay_DemoUITestsLaunchTests.swift in Sources */ = {isa = PBXBuildFile; fileRef = 35868EB42888362600ED08DA /* PayPay_DemoUITestsLaunchTests.swift */; };
/* End PBXBuildFile section */

/* Begin PBXContainerItemProxy section */
		35868EA52888362500ED08DA /* PBXContainerItemProxy */ = {
			isa = PBXContainerItemProxy;
			containerPortal = 35868E862888362400ED08DA /* Project object */;
			proxyType = 1;
			remoteGlobalIDString = 35868E8D2888362400ED08DA;
			remoteInfo = "PayPay Demo";
		};
		35868EAF2888362500ED08DA /* PBXContainerItemProxy */ = {
			isa = PBXContainerItemProxy;
			containerPortal = 35868E862888362400ED08DA /* Project object */;
			proxyType = 1;
			remoteGlobalIDString = 35868E8D2888362400ED08DA;
			remoteInfo = "PayPay Demo";
		};
/* End PBXContainerItemProxy section */

/* Begin PBXFileReference section */
		35868E8E2888362400ED08DA /* PayPay Demo.app */ = {isa = PBXFileReference; explicitFileType = wrapper.application; includeInIndex = 0; path = "PayPay Demo.app"; sourceTree = BUILT_PRODUCTS_DIR; };
		35868E912888362400ED08DA /* AppDelegate.swift */ = {isa = PBXFileReference; lastKnownFileType = sourcecode.swift; path = AppDelegate.swift; sourceTree = "<group>"; };
		35868E932888362400ED08DA /* SceneDelegate.swift */ = {isa = PBXFileReference; lastKnownFileType = sourcecode.swift; path = SceneDelegate.swift; sourceTree = "<group>"; };
		35868E952888362400ED08DA /* ViewController.swift */ = {isa = PBXFileReference; lastKnownFileType = sourcecode.swift; path = ViewController.swift; sourceTree = "<group>"; };
		35868E982888362400ED08DA /* Base */ = {isa = PBXFileReference; lastKnownFileType = file.storyboard; name = Base; path = Base.lproj/Main.storyboard; sourceTree = "<group>"; };
		35868E9A2888362500ED08DA /* Assets.xcassets */ = {isa = PBXFileReference; lastKnownFileType = folder.assetcatalog; path = Assets.xcassets; sourceTree = "<group>"; };
		35868E9D2888362500ED08DA /* Base */ = {isa = PBXFileReference; lastKnownFileType = file.storyboard; name = Base; path = Base.lproj/LaunchScreen.storyboard; sourceTree = "<group>"; };
		35868E9F2888362500ED08DA /* Info.plist */ = {isa = PBXFileReference; lastKnownFileType = text.plist.xml; path = Info.plist; sourceTree = "<group>"; };
		35868EA42888362500ED08DA /* PayPay DemoTests.xctest */ = {isa = PBXFileReference; explicitFileType = wrapper.cfbundle; includeInIndex = 0; path = "PayPay DemoTests.xctest"; sourceTree = BUILT_PRODUCTS_DIR; };
		35868EA82888362500ED08DA /* PayPay_DemoTests.swift */ = {isa = PBXFileReference; lastKnownFileType = sourcecode.swift; path = PayPay_DemoTests.swift; sourceTree = "<group>"; };
		35868EAE2888362500ED08DA /* PayPay DemoUITests.xctest */ = {isa = PBXFileReference; explicitFileType = wrapper.cfbundle; includeInIndex = 0; path = "PayPay DemoUITests.xctest"; sourceTree = BUILT_PRODUCTS_DIR; };
		35868EB22888362500ED08DA /* PayPay_DemoUITests.swift */ = {isa = PBXFileReference; lastKnownFileType = sourcecode.swift; path = PayPay_DemoUITests.swift; sourceTree = "<group>"; };
		35868EB42888362600ED08DA /* PayPay_DemoUITestsLaunchTests.swift */ = {isa = PBXFileReference; lastKnownFileType = sourcecode.swift; path = PayPay_DemoUITestsLaunchTests.swift; sourceTree = "<group>"; };
/* End PBXFileReference section */

/* Begin PBXFrameworksBuildPhase section */
		35868E8B2888362400ED08DA /* Frameworks */ = {
			isa = PBXFrameworksBuildPhase;
			buildActionMask = 2147483647;
			files = (
			);
			runOnlyForDeploymentPostprocessing = 0;
		};
		35868EA12888362500ED08DA /* Frameworks */ = {
			isa = PBXFrameworksBuildPhase;
			buildActionMask = 2147483647;
			files = (
			);
			runOnlyForDeploymentPostprocessing = 0;
		};
		35868EAB2888362500ED08DA /* Frameworks */ = {
			isa = PBXFrameworksBuildPhase;
			buildActionMask = 2147483647;
			files = (
			);
			runOnlyForDeploymentPostprocessing = 0;
		};
/* End PBXFrameworksBuildPhase section */

/* Begin PBXGroup section */
		35868E852888362400ED08DA = {
			isa = PBXGroup;
			children = (
				35868E902888362400ED08DA /* PayPay Demo */,
				35868EA72888362500ED08DA /* PayPay DemoTests */,
				35868EB12888362500ED08DA /* PayPay DemoUITests */,
				35868E8F2888362400ED08DA /* Products */,
			);
			sourceTree = "<group>";
		};
		35868E8F2888362400ED08DA /* Products */ = {
			isa = PBXGroup;
			children = (
				35868E8E2888362400ED08DA /* PayPay Demo.app */,
				35868EA42888362500ED08DA /* PayPay DemoTests.xctest */,
				35868EAE2888362500ED08DA /* PayPay DemoUITests.xctest */,
			);
			name = Products;
			sourceTree = "<group>";
		};
		35868E902888362400ED08DA /* PayPay Demo */ = {
			isa = PBXGroup;
			children = (
				35868E912888362400ED08DA /* AppDelegate.swift */,
				35868E932888362400ED08DA /* SceneDelegate.swift */,
				35868E952888362400ED08DA /* ViewController.swift */,
				35868E972888362400ED08DA /* Main.storyboard */,
				35868E9A2888362500ED08DA /* Assets.xcassets */,
				35868E9C2888362500ED08DA /* LaunchScreen.storyboard */,
				35868E9F2888362500ED08DA /* Info.plist */,
			);
			path = "PayPay Demo";
			sourceTree = "<group>";
		};
		35868EA72888362500ED08DA /* PayPay DemoTests */ = {
			isa = PBXGroup;
			children = (
				35868EA82888362500ED08DA /* PayPay_DemoTests.swift */,
			);
			path = "PayPay DemoTests";
			sourceTree = "<group>";
		};
		35868EB12888362500ED08DA /* PayPay DemoUITests */ = {
			isa = PBXGroup;
			children = (
				35868EB22888362500ED08DA /* PayPay_DemoUITests.swift */,
				35868EB42888362600ED08DA /* PayPay_DemoUITestsLaunchTests.swift */,
			);
			path = "PayPay DemoUITests";
			sourceTree = "<group>";
		};
/* End PBXGroup section */

/* Begin PBXNativeTarget section */
		35868E8D2888362400ED08DA /* PayPay Demo */ = {
			isa = PBXNativeTarget;
			buildConfigurationList = 35868EB82888362600ED08DA /* Build configuration list for PBXNativeTarget "PayPay Demo" */;
			buildPhases = (
				35868E8A2888362400ED08DA /* Sources */,
				35868E8B2888362400ED08DA /* Frameworks */,
				35868E8C2888362400ED08DA /* Resources */,
			);
			buildRules = (
			);
			dependencies = (
			);
			name = "PayPay Demo";
			productName = "PayPay Demo";
			productReference = 35868E8E2888362400ED08DA /* PayPay Demo.app */;
			productType = "com.apple.product-type.application";
		};
		35868EA32888362500ED08DA /* PayPay DemoTests */ = {
			isa = PBXNativeTarget;
			buildConfigurationList = 35868EBB2888362600ED08DA /* Build configuration list for PBXNativeTarget "PayPay DemoTests" */;
			buildPhases = (
				35868EA02888362500ED08DA /* Sources */,
				35868EA12888362500ED08DA /* Frameworks */,
				35868EA22888362500ED08DA /* Resources */,
			);
			buildRules = (
			);
			dependencies = (
				35868EA62888362500ED08DA /* PBXTargetDependency */,
			);
			name = "PayPay DemoTests";
			productName = "PayPay DemoTests";
			productReference = 35868EA42888362500ED08DA /* PayPay DemoTests.xctest */;
			productType = "com.apple.product-type.bundle.unit-test";
		};
		35868EAD2888362500ED08DA /* PayPay DemoUITests */ = {
			isa = PBXNativeTarget;
			buildConfigurationList = 35868EBE2888362600ED08DA /* Build configuration list for PBXNativeTarget "PayPay DemoUITests" */;
			buildPhases = (
				35868EAA2888362500ED08DA /* Sources */,
				35868EAB2888362500ED08DA /* Frameworks */,
				35868EAC2888362500ED08DA /* Resources */,
			);
			buildRules = (
			);
			dependencies = (
				35868EB02888362500ED08DA /* PBXTargetDependency */,
			);
			name = "PayPay DemoUITests";
			productName = "PayPay DemoUITests";
			productReference = 35868EAE2888362500ED08DA /* PayPay DemoUITests.xctest */;
			productType = "com.apple.product-type.bundle.ui-testing";
		};
/* End PBXNativeTarget section */

/* Begin PBXProject section */
		35868E862888362400ED08DA /* Project object */ = {
			isa = PBXProject;
			attributes = {
				BuildIndependentTargetsInParallel = 1;
				LastSwiftUpdateCheck = 1340;
				LastUpgradeCheck = 1340;
				TargetAttributes = {
					35868E8D2888362400ED08DA = {
						CreatedOnToolsVersion = 13.4.1;
					};
					35868EA32888362500ED08DA = {
						CreatedOnToolsVersion = 13.4.1;
						TestTargetID = 35868E8D2888362400ED08DA;
					};
					35868EAD2888362500ED08DA = {
						CreatedOnToolsVersion = 13.4.1;
						TestTargetID = 35868E8D2888362400ED08DA;
					};
				};
			};
			buildConfigurationList = 35868E892888362400ED08DA /* Build configuration list for PBXProject "PayPay Demo" */;
			compatibilityVersion = "Xcode 13.0";
			developmentRegion = en;
			hasScannedForEncodings = 0;
			knownRegions = (
				en,
				Base,
			);
			mainGroup = 35868E852888362400ED08DA;
			productRefGroup = 35868E8F2888362400ED08DA /* Products */;
			projectDirPath = "";
			projectRoot = "";
			targets = (
				35868E8D2888362400ED08DA /* PayPay Demo */,
				35868EA32888362500ED08DA /* PayPay DemoTests */,
				35868EAD2888362500ED08DA /* PayPay DemoUITests */,
			);
		};
/* End PBXProject section */

/* Begin PBXResourcesBuildPhase section */
		35868E8C2888362400ED08DA /* Resources */ = {
			isa = PBXResourcesBuildPhase;
			buildActionMask = 2147483647;
			files = (
				35868E9E2888362500ED08DA /* LaunchScreen.storyboard in Resources */,
				35868E9B2888362500ED08DA /* Assets.xcassets in Resources */,
				35868E992888362400ED08DA /* Main.storyboard in Resources */,
			);
			runOnlyForDeploymentPostprocessing = 0;
		};
		35868EA22888362500ED08DA /* Resources */ = {
			isa = PBXResourcesBuildPhase;
			buildActionMask = 2147483647;
			files = (
			);
			runOnlyForDeploymentPostprocessing = 0;
		};
		35868EAC2888362500ED08DA /* Resources */ = {
			isa = PBXResourcesBuildPhase;
			buildActionMask = 2147483647;
			files = (
			);
			runOnlyForDeploymentPostprocessing = 0;
		};
/* End PBXResourcesBuildPhase section */

/* Begin PBXSourcesBuildPhase section */
		35868E8A2888362400ED08DA /* Sources */ = {
			isa = PBXSourcesBuildPhase;
			buildActionMask = 2147483647;
			files = (
				35868E962888362400ED08DA /* ViewController.swift in Sources */,
				35868E922888362400ED08DA /* AppDelegate.swift in Sources */,
				35868E942888362400ED08DA /* SceneDelegate.swift in Sources */,
			);
			runOnlyForDeploymentPostprocessing = 0;
		};
		35868EA02888362500ED08DA /* Sources */ = {
			isa = PBXSourcesBuildPhase;
			buildActionMask = 2147483647;
			files = (
				35868EA92888362500ED08DA /* PayPay_DemoTests.swift in Sources */,
			);
			runOnlyForDeploymentPostprocessing = 0;
		};
		35868EAA2888362500ED08DA /* Sources */ = {
			isa = PBXSourcesBuildPhase;
			buildActionMask = 2147483647;
			files = (
				35868EB32888362500ED08DA /* PayPay_DemoUITests.swift in Sources */,
				35868EB52888362600ED08DA /* PayPay_DemoUITestsLaunchTests.swift in Sources */,
			);
			runOnlyForDeploymentPostprocessing = 0;
		};
/* End PBXSourcesBuildPhase section */

/* Begin PBXTargetDependency section */
		35868EA62888362500ED08DA /* PBXTargetDependency */ = {
			isa = PBXTargetDependency;
			target = 35868E8D2888362400ED08DA /* PayPay Demo */;
			targetProxy = 35868EA52888362500ED08DA /* PBXContainerItemProxy */;
		};
		35868EB02888362500ED08DA /* PBXTargetDependency */ = {
			isa = PBXTargetDependency;
			target = 35868E8D2888362400ED08DA /* PayPay Demo */;
			targetProxy = 35868EAF2888362500ED08DA /* PBXContainerItemProxy */;
		};
/* End PBXTargetDependency section */

/* Begin PBXVariantGroup section */
		35868E972888362400ED08DA /* Main.storyboard */ = {
			isa = PBXVariantGroup;
			children = (
				35868E982888362400ED08DA /* Base */,
			);
			name = Main.storyboard;
			sourceTree = "<group>";
		};
		35868E9C2888362500ED08DA /* LaunchScreen.storyboard */ = {
			isa = PBXVariantGroup;
			children = (
				35868E9D2888362500ED08DA /* Base */,
			);
			name = LaunchScreen.storyboard;
			sourceTree = "<group>";
		};
/* End PBXVariantGroup section */

/* Begin XCBuildConfiguration section */
		35868EB62888362600ED08DA /* Debug */ = {
			isa = XCBuildConfiguration;
			buildSettings = {
				ALWAYS_SEARCH_USER_PATHS = NO;
				CLANG_ANALYZER_NONNULL = YES;
				CLANG_ANALYZER_NUMBER_OBJECT_CONVERSION = YES_AGGRESSIVE;
				CLANG_CXX_LANGUAGE_STANDARD = "gnu++17";
				CLANG_ENABLE_MODULES = YES;
				CLANG_ENABLE_OBJC_ARC = YES;
				CLANG_ENABLE_OBJC_WEAK = YES;
				CLANG_WARN_BLOCK_CAPTURE_AUTORELEASING = YES;
				CLANG_WARN_BOOL_CONVERSION = YES;
				CLANG_WARN_COMMA = YES;
				CLANG_WARN_CONSTANT_CONVERSION = YES;
				CLANG_WARN_DEPRECATED_OBJC_IMPLEMENTATIONS = YES;
				CLANG_WARN_DIRECT_OBJC_ISA_USAGE = YES_ERROR;
				CLANG_WARN_DOCUMENTATION_COMMENTS = YES;
				CLANG_WARN_EMPTY_BODY = YES;
				CLANG_WARN_ENUM_CONVERSION = YES;
				CLANG_WARN_INFINITE_RECURSION = YES;
				CLANG_WARN_INT_CONVERSION = YES;
				CLANG_WARN_NON_LITERAL_NULL_CONVERSION = YES;
				CLANG_WARN_OBJC_IMPLICIT_RETAIN_SELF = YES;
				CLANG_WARN_OBJC_LITERAL_CONVERSION = YES;
				CLANG_WARN_OBJC_ROOT_CLASS = YES_ERROR;
				CLANG_WARN_QUOTED_INCLUDE_IN_FRAMEWORK_HEADER = YES;
				CLANG_WARN_RANGE_LOOP_ANALYSIS = YES;
				CLANG_WARN_STRICT_PROTOTYPES = YES;
				CLANG_WARN_SUSPICIOUS_MOVE = YES;
				CLANG_WARN_UNGUARDED_AVAILABILITY = YES_AGGRESSIVE;
				CLANG_WARN_UNREACHABLE_CODE = YES;
				CLANG_WARN__DUPLICATE_METHOD_MATCH = YES;
				COPY_PHASE_STRIP = NO;
				DEBUG_INFORMATION_FORMAT = dwarf;
				ENABLE_STRICT_OBJC_MSGSEND = YES;
				ENABLE_TESTABILITY = YES;
				GCC_C_LANGUAGE_STANDARD = gnu11;
				GCC_DYNAMIC_NO_PIC = NO;
				GCC_NO_COMMON_BLOCKS = YES;
				GCC_OPTIMIZATION_LEVEL = 0;
				GCC_PREPROCESSOR_DEFINITIONS = (
					"DEBUG=1",
					"$(inherited)",
				);
				GCC_WARN_64_TO_32_BIT_CONVERSION = YES;
				GCC_WARN_ABOUT_RETURN_TYPE = YES_ERROR;
				GCC_WARN_UNDECLARED_SELECTOR = YES;
				GCC_WARN_UNINITIALIZED_AUTOS = YES_AGGRESSIVE;
				GCC_WARN_UNUSED_FUNCTION = YES;
				GCC_WARN_UNUSED_VARIABLE = YES;
				IPHONEOS_DEPLOYMENT_TARGET = 15.5;
				MTL_ENABLE_DEBUG_INFO = INCLUDE_SOURCE;
				MTL_FAST_MATH = YES;
				ONLY_ACTIVE_ARCH = YES;
				SDKROOT = iphoneos;
				SWIFT_ACTIVE_COMPILATION_CONDITIONS = DEBUG;
				SWIFT_OPTIMIZATION_LEVEL = "-Onone";
			};
			name = Debug;
		};
		35868EB72888362600ED08DA /* Release */ = {
			isa = XCBuildConfiguration;
			buildSettings = {
				ALWAYS_SEARCH_USER_PATHS = NO;
				CLANG_ANALYZER_NONNULL = YES;
				CLANG_ANALYZER_NUMBER_OBJECT_CONVERSION = YES_AGGRESSIVE;
				CLANG_CXX_LANGUAGE_STANDARD = "gnu++17";
				CLANG_ENABLE_MODULES = YES;
				CLANG_ENABLE_OBJC_ARC = YES;
				CLANG_ENABLE_OBJC_WEAK = YES;
				CLANG_WARN_BLOCK_CAPTURE_AUTORELEASING = YES;
				CLANG_WARN_BOOL_CONVERSION = YES;
				CLANG_WARN_COMMA = YES;
				CLANG_WARN_CONSTANT_CONVERSION = YES;
				CLANG_WARN_DEPRECATED_OBJC_IMPLEMENTATIONS = YES;
				CLANG_WARN_DIRECT_OBJC_ISA_USAGE = YES_ERROR;
				CLANG_WARN_DOCUMENTATION_COMMENTS = YES;
				CLANG_WARN_EMPTY_BODY = YES;
				CLANG_WARN_ENUM_CONVERSION = YES;
				CLANG_WARN_INFINITE_RECURSION = YES;
				CLANG_WARN_INT_CONVERSION = YES;
				CLANG_WARN_NON_LITERAL_NULL_CONVERSION = YES;
				CLANG_WARN_OBJC_IMPLICIT_RETAIN_SELF = YES;
				CLANG_WARN_OBJC_LITERAL_CONVERSION = YES;
				CLANG_WARN_OBJC_ROOT_CLASS = YES_ERROR;
				CLANG_WARN_QUOTED_INCLUDE_IN_FRAMEWORK_HEADER = YES;
				CLANG_WARN_RANGE_LOOP_ANALYSIS = YES;
				CLANG_WARN_STRICT_PROTOTYPES = YES;
				CLANG_WARN_SUSPICIOUS_MOVE = YES;
				CLANG_WARN_UNGUARDED_AVAILABILITY = YES_AGGRESSIVE;
				CLANG_WARN_UNREACHABLE_CODE = YES;
				CLANG_WARN__DUPLICATE_METHOD_MATCH = YES;
				COPY_PHASE_STRIP = NO;
				DEBUG_INFORMATION_FORMAT = "dwarf-with-dsym";
				ENABLE_NS_ASSERTIONS = NO;
				ENABLE_STRICT_OBJC_MSGSEND = YES;
				GCC_C_LANGUAGE_STANDARD = gnu11;
				GCC_NO_COMMON_BLOCKS = YES;
				GCC_WARN_64_TO_32_BIT_CONVERSION = YES;
				GCC_WARN_ABOUT_RETURN_TYPE = YES_ERROR;
				GCC_WARN_UNDECLARED_SELECTOR = YES;
				GCC_WARN_UNINITIALIZED_AUTOS = YES_AGGRESSIVE;
				GCC_WARN_UNUSED_FUNCTION = YES;
				GCC_WARN_UNUSED_VARIABLE = YES;
				IPHONEOS_DEPLOYMENT_TARGET = 15.5;
				MTL_ENABLE_DEBUG_INFO = NO;
				MTL_FAST_MATH = YES;
				SDKROOT = iphoneos;
				SWIFT_COMPILATION_MODE = wholemodule;
				SWIFT_OPTIMIZATION_LEVEL = "-O";
				VALIDATE_PRODUCT = YES;
			};
			name = Release;
		};
		35868EB92888362600ED08DA /* Debug */ = {
			isa = XCBuildConfiguration;
			buildSettings = {
				ASSETCATALOG_COMPILER_APPICON_NAME = AppIcon;
				ASSETCATALOG_COMPILER_GLOBAL_ACCENT_COLOR_NAME = AccentColor;
				CODE_SIGN_STYLE = Automatic;
				CURRENT_PROJECT_VERSION = 1;
				DEVELOPMENT_TEAM = F2P4X5Y727;
				GENERATE_INFOPLIST_FILE = YES;
				INFOPLIST_FILE = "PayPay Demo/Info.plist";
				INFOPLIST_KEY_UIApplicationSupportsIndirectInputEvents = YES;
				INFOPLIST_KEY_UILaunchStoryboardName = LaunchScreen;
				INFOPLIST_KEY_UIMainStoryboardFile = Main;
				INFOPLIST_KEY_UISupportedInterfaceOrientations_iPad = "UIInterfaceOrientationPortrait UIInterfaceOrientationPortraitUpsideDown UIInterfaceOrientationLandscapeLeft UIInterfaceOrientationLandscapeRight";
				INFOPLIST_KEY_UISupportedInterfaceOrientations_iPhone = "UIInterfaceOrientationPortrait UIInterfaceOrientationLandscapeLeft UIInterfaceOrientationLandscapeRight";
				LD_RUNPATH_SEARCH_PATHS = (
					"$(inherited)",
					"@executable_path/Frameworks",
				);
				MARKETING_VERSION = 1.0;
				PRODUCT_BUNDLE_IDENTIFIER = "Mahbubur-Rashid.PayPay-Demo";
				PRODUCT_NAME = "$(TARGET_NAME)";
				SWIFT_EMIT_LOC_STRINGS = YES;
				SWIFT_VERSION = 5.0;
				TARGETED_DEVICE_FAMILY = "1,2";
			};
			name = Debug;
		};
		35868EBA2888362600ED08DA /* Release */ = {
			isa = XCBuildConfiguration;
			buildSettings = {
				ASSETCATALOG_COMPILER_APPICON_NAME = AppIcon;
				ASSETCATALOG_COMPILER_GLOBAL_ACCENT_COLOR_NAME = AccentColor;
				CODE_SIGN_STYLE = Automatic;
				CURRENT_PROJECT_VERSION = 1;
				DEVELOPMENT_TEAM = F2P4X5Y727;
				GENERATE_INFOPLIST_FILE = YES;
				INFOPLIST_FILE = "PayPay Demo/Info.plist";
				INFOPLIST_KEY_UIApplicationSupportsIndirectInputEvents = YES;
				INFOPLIST_KEY_UILaunchStoryboardName = LaunchScreen;
				INFOPLIST_KEY_UIMainStoryboardFile = Main;
				INFOPLIST_KEY_UISupportedInterfaceOrientations_iPad = "UIInterfaceOrientationPortrait UIInterfaceOrientationPortraitUpsideDown UIInterfaceOrientationLandscapeLeft UIInterfaceOrientationLandscapeRight";
				INFOPLIST_KEY_UISupportedInterfaceOrientations_iPhone = "UIInterfaceOrientationPortrait UIInterfaceOrientationLandscapeLeft UIInterfaceOrientationLandscapeRight";
				LD_RUNPATH_SEARCH_PATHS = (
					"$(inherited)",
					"@executable_path/Frameworks",
				);
				MARKETING_VERSION = 1.0;
				PRODUCT_BUNDLE_IDENTIFIER = "Mahbubur-Rashid.PayPay-Demo";
				PRODUCT_NAME = "$(TARGET_NAME)";
				SWIFT_EMIT_LOC_STRINGS = YES;
				SWIFT_VERSION = 5.0;
				TARGETED_DEVICE_FAMILY = "1,2";
			};
			name = Release;
		};
		35868EBC2888362600ED08DA /* Debug */ = {
			isa = XCBuildConfiguration;
			buildSettings = {
				ALWAYS_EMBED_SWIFT_STANDARD_LIBRARIES = YES;
				BUNDLE_LOADER = "$(TEST_HOST)";
				CODE_SIGN_STYLE = Automatic;
				CURRENT_PROJECT_VERSION = 1;
				DEVELOPMENT_TEAM = F2P4X5Y727;
				GENERATE_INFOPLIST_FILE = YES;
				IPHONEOS_DEPLOYMENT_TARGET = 15.5;
				MARKETING_VERSION = 1.0;
				PRODUCT_BUNDLE_IDENTIFIER = "Mahbubur-Rashid.PayPay-DemoTests";
				PRODUCT_NAME = "$(TARGET_NAME)";
				SWIFT_EMIT_LOC_STRINGS = NO;
				SWIFT_VERSION = 5.0;
				TARGETED_DEVICE_FAMILY = "1,2";
				TEST_HOST = "$(BUILT_PRODUCTS_DIR)/PayPay Demo.app/PayPay Demo";
			};
			name = Debug;
		};
		35868EBD2888362600ED08DA /* Release */ = {
			isa = XCBuildConfiguration;
			buildSettings = {
				ALWAYS_EMBED_SWIFT_STANDARD_LIBRARIES = YES;
				BUNDLE_LOADER = "$(TEST_HOST)";
				CODE_SIGN_STYLE = Automatic;
				CURRENT_PROJECT_VERSION = 1;
				DEVELOPMENT_TEAM = F2P4X5Y727;
				GENERATE_INFOPLIST_FILE = YES;
				IPHONEOS_DEPLOYMENT_TARGET = 15.5;
				MARKETING_VERSION = 1.0;
				PRODUCT_BUNDLE_IDENTIFIER = "Mahbubur-Rashid.PayPay-DemoTests";
				PRODUCT_NAME = "$(TARGET_NAME)";
				SWIFT_EMIT_LOC_STRINGS = NO;
				SWIFT_VERSION = 5.0;
				TARGETED_DEVICE_FAMILY = "1,2";
				TEST_HOST = "$(BUILT_PRODUCTS_DIR)/PayPay Demo.app/PayPay Demo";
			};
			name = Release;
		};
		35868EBF2888362600ED08DA /* Debug */ = {
			isa = XCBuildConfiguration;
			buildSettings = {
				ALWAYS_EMBED_SWIFT_STANDARD_LIBRARIES = YES;
				CODE_SIGN_STYLE = Automatic;
				CURRENT_PROJECT_VERSION = 1;
				DEVELOPMENT_TEAM = F2P4X5Y727;
				GENERATE_INFOPLIST_FILE = YES;
				MARKETING_VERSION = 1.0;
				PRODUCT_BUNDLE_IDENTIFIER = "Mahbubur-Rashid.PayPay-DemoUITests";
				PRODUCT_NAME = "$(TARGET_NAME)";
				SWIFT_EMIT_LOC_STRINGS = NO;
				SWIFT_VERSION = 5.0;
				TARGETED_DEVICE_FAMILY = "1,2";
				TEST_TARGET_NAME = "PayPay Demo";
			};
			name = Debug;
		};
		35868EC02888362600ED08DA /* Release */ = {
			isa = XCBuildConfiguration;
			buildSettings = {
				ALWAYS_EMBED_SWIFT_STANDARD_LIBRARIES = YES;
				CODE_SIGN_STYLE = Automatic;
				CURRENT_PROJECT_VERSION = 1;
				DEVELOPMENT_TEAM = F2P4X5Y727;
				GENERATE_INFOPLIST_FILE = YES;
				MARKETING_VERSION = 1.0;
				PRODUCT_BUNDLE_IDENTIFIER = "Mahbubur-Rashid.PayPay-DemoUITests";
				PRODUCT_NAME = "$(TARGET_NAME)";
				SWIFT_EMIT_LOC_STRINGS = NO;
				SWIFT_VERSION = 5.0;
				TARGETED_DEVICE_FAMILY = "1,2";
				TEST_TARGET_NAME = "PayPay Demo";
			};
			name = Release;
		};
/* End XCBuildConfiguration section */

/* Begin XCConfigurationList section */
		35868E892888362400ED08DA /* Build configuration list for PBXProject "PayPay Demo" */ = {
			isa = XCConfigurationList;
			buildConfigurations = (
				35868EB62888362600ED08DA /* Debug */,
				35868EB72888362600ED08DA /* Release */,
			);
			defaultConfigurationIsVisible = 0;
			defaultConfigurationName = Release;
		};
		35868EB82888362600ED08DA /* Build configuration list for PBXNativeTarget "PayPay Demo" */ = {
			isa = XCConfigurationList;
			buildConfigurations = (
				35868EB92888362600ED08DA /* Debug */,
				35868EBA2888362600ED08DA /* Release */,
			);
			defaultConfigurationIsVisible = 0;
			defaultConfigurationName = Release;
		};
		35868EBB2888362600ED08DA /* Build configuration list for PBXNativeTarget "PayPay DemoTests" */ = {
			isa = XCConfigurationList;
			buildConfigurations = (
				35868EBC2888362600ED08DA /* Debug */,
				35868EBD2888362600ED08DA /* Release */,
			);
			defaultConfigurationIsVisible = 0;
			defaultConfigurationName = Release;
		};
		35868EBE2888362600ED08DA /* Build configuration list for PBXNativeTarget "PayPay DemoUITests" */ = {
			isa = XCConfigurationList;
			buildConfigurations = (
				35868EBF2888362600ED08DA /* Debug */,
				35868EC02888362600ED08DA /* Release */,
			);
			defaultConfigurationIsVisible = 0;
			defaultConfigurationName = Release;
		};
/* End XCConfigurationList section */
	};
	rootObject = 35868E862888362400ED08DA /* Project object */;
}
